
Microsoft Visual Studio Solution File, Format Version 12.00
# Visual Studio 15
VisualStudioVersion = 15.0.28307.1022
MinimumVisualStudioVersion = 10.0.40219.1
Project("{00D1A9C2-B5F0-4AF3-8072-F6C62B433612}") = "OnlineComputerStore", "OnlineComputerStore\OnlineComputerStore.sqlproj", "{ECCA27C2-EEAD-41FA-AAD8-CE34AF216A6D}"
EndProject
Global
	GlobalSection(SolutionConfigurationPlatforms) = preSolution
		Debug|Any CPU = Debug|Any CPU
		Release|Any CPU = Release|Any CPU
	EndGlobalSection
	GlobalSection(ProjectConfigurationPlatforms) = postSolution
		{ECCA27C2-EEAD-41FA-AAD8-CE34AF216A6D}.Debug|Any CPU.ActiveCfg = Debug|Any CPU
		{ECCA27C2-EEAD-41FA-AAD8-CE34AF216A6D}.Debug|Any CPU.Build.0 = Debug|Any CPU
		{ECCA27C2-EEAD-41FA-AAD8-CE34AF216A6D}.Debug|Any CPU.Deploy.0 = Debug|Any CPU
		{ECCA27C2-EEAD-41FA-AAD8-CE34AF216A6D}.Release|Any CPU.ActiveCfg = Release|Any CPU
		{ECCA27C2-EEAD-41FA-AAD8-CE34AF216A6D}.Release|Any CPU.Build.0 = Release|Any CPU
		{ECCA27C2-EEAD-41FA-AAD8-CE34AF216A6D}.Release|Any CPU.Deploy.0 = Release|Any CPU
	EndGlobalSection
	GlobalSection(SolutionProperties) = preSolution
		HideSolutionNode = FALSE
	EndGlobalSection
	GlobalSection(ExtensibilityGlobals) = postSolution
		SolutionGuid = {ED23608A-DBD1-4611-B9F6-E1FA6A5CDDC1}
	EndGlobalSection
EndGlobal
